
Microsoft Visual Studio Solution File, Format Version 12.00
# Visual Studio Version 17
VisualStudioVersion = 17.10.35027.167
MinimumVisualStudioVersion = 10.0.40219.1
Project("{9A19103F-16F7-4668-BE54-9A1E7A4F7556}") = "Pet_Store_Application", "PetShopApp\Pet_Store_Application.csproj", "{F1E95A3E-9C58-4BCF-9A03-99C6DD226873}"
EndProject
Global
	GlobalSection(SolutionConfigurationPlatforms) = preSolution
		Debug|Any CPU = Debug|Any CPU
		Release|Any CPU = Release|Any CPU
	EndGlobalSection
	GlobalSection(ProjectConfigurationPlatforms) = postSolution
		{F1E95A3E-9C58-4BCF-9A03-99C6DD226873}.Debug|Any CPU.ActiveCfg = Debug|Any CPU
		{F1E95A3E-9C58-4BCF-9A03-99C6DD226873}.Debug|Any CPU.Build.0 = Debug|Any CPU
		{F1E95A3E-9C58-4BCF-9A03-99C6DD226873}.Release|Any CPU.ActiveCfg = Release|Any CPU
		{F1E95A3E-9C58-4BCF-9A03-99C6DD226873}.Release|Any CPU.Build.0 = Release|Any CPU
	EndGlobalSection
	GlobalSection(SolutionProperties) = preSolution
		HideSolutionNode = FALSE
	EndGlobalSection
	GlobalSection(ExtensibilityGlobals) = postSolution
		SolutionGuid = {66E4C005-01EA-4EF9-9CE6-5677A6F9BE6A}
	EndGlobalSection
EndGlobal
